
Microsoft Visual Studio Solution File, Format Version 12.00
# Visual Studio Version 16
VisualStudioVersion = 16.0.31410.357
MinimumVisualStudioVersion = 10.0.40219.1
Project("{8BC9CEB8-8B4A-11D0-8D11-00A0C91BC942}") = "LoveHandles", "LoveHandles.vcxproj", "{DF49729E-3A6B-444D-94B5-B353031BC4DA}"
EndProject
Global
	GlobalSection(SolutionConfigurationPlatforms) = preSolution
		Debug|x64 = Debug|x64
		Debug|x86 = Debug|x86
		Release|x64 = Release|x64
		Release|x86 = Release|x86
	EndGlobalSection
	GlobalSection(ProjectConfigurationPlatforms) = postSolution
		{DF49729E-3A6B-444D-94B5-B353031BC4DA}.Debug|x64.ActiveCfg = Debug|x64
		{DF49729E-3A6B-444D-94B5-B353031BC4DA}.Debug|x64.Build.0 = Debug|x64
		{DF49729E-3A6B-444D-94B5-B353031BC4DA}.Debug|x86.ActiveCfg = Debug|Win32
		{DF49729E-3A6B-444D-94B5-B353031BC4DA}.Debug|x86.Build.0 = Debug|Win32
		{DF49729E-3A6B-444D-94B5-B353031BC4DA}.Release|x64.ActiveCfg = Release|x64
		{DF49729E-3A6B-444D-94B5-B353031BC4DA}.Release|x64.Build.0 = Release|x64
		{DF49729E-3A6B-444D-94B5-B353031BC4DA}.Release|x86.ActiveCfg = Release|Win32
		{DF49729E-3A6B-444D-94B5-B353031BC4DA}.Release|x86.Build.0 = Release|Win32
	EndGlobalSection
	GlobalSection(SolutionProperties) = preSolution
		HideSolutionNode = FALSE
	EndGlobalSection
	GlobalSection(ExtensibilityGlobals) = postSolution
		SolutionGuid = {00EBF13A-CC62-4729-8634-364058415531}
	EndGlobalSection
EndGlobal
